
Microsoft Visual Studio Solution File, Format Version 12.00
# Visual Studio 15
VisualStudioVersion = 15.0.27130.2010
MinimumVisualStudioVersion = 10.0.40219.1
Project("{FAE04EC0-301F-11D3-BF4B-00C04F79EFBC}") = "Calculator", "Calculator\Calculator.csproj", "{6FA8075D-7C12-4145-85DA-99E6FF7E32BE}"
EndProject
Global
	GlobalSection(SolutionConfigurationPlatforms) = preSolution
		Debug|Any CPU = Debug|Any CPU
		Release|Any CPU = Release|Any CPU
	EndGlobalSection
	GlobalSection(ProjectConfigurationPlatforms) = postSolution
		{6FA8075D-7C12-4145-85DA-99E6FF7E32BE}.Debug|Any CPU.ActiveCfg = Debug|Any CPU
		{6FA8075D-7C12-4145-85DA-99E6FF7E32BE}.Debug|Any CPU.Build.0 = Debug|Any CPU
		{6FA8075D-7C12-4145-85DA-99E6FF7E32BE}.Release|Any CPU.ActiveCfg = Release|Any CPU
		{6FA8075D-7C12-4145-85DA-99E6FF7E32BE}.Release|Any CPU.Build.0 = Release|Any CPU
	EndGlobalSection
	GlobalSection(SolutionProperties) = preSolution
		HideSolutionNode = FALSE
	EndGlobalSection
	GlobalSection(ExtensibilityGlobals) = postSolution
		SolutionGuid = {C2209F41-349D-4117-A262-B171ACF98A3A}
	EndGlobalSection
EndGlobal
